
Microsoft Visual Studio Solution File, Format Version 11.00
# Visual Studio 2010
Project("{FAE04EC0-301F-11D3-BF4B-00C04F79EFBC}") = "Badanie Neurologiczne", "Badanie Neurologiczne\Badanie Neurologiczne.csproj", "{B5BB1D56-4813-4DBA-B4D0-72E7907D5C6C}"
EndProject
Project("{FAE04EC0-301F-11D3-BF4B-00C04F79EFBC}") = "HTMLWYSIWYG", "Z:\PROGRAMOWANIE\C# Projects\HTMLWYSIWYG\HTMLWYSIWYG\HTMLWYSIWYG.csproj", "{428AE3D9-A642-464D-A5B8-1EE5F9F65B0D}"
EndProject
Project("{FAE04EC0-301F-11D3-BF4B-00C04F79EFBC}") = "Istrib.Sound", "Z:\PROGRAMOWANIE\C# Projects\SoundCapture\Istrib.Sound\Istrib.Sound.csproj", "{C7A09BB1-B85C-4993-8BFE-3974730BF9FD}"
EndProject
Project("{FAE04EC0-301F-11D3-BF4B-00C04F79EFBC}") = "Istrib.Sound.Example.WinForms", "Z:\PROGRAMOWANIE\C# Projects\SoundCapture\Istrib.Sound.Example.WinForms\Istrib.Sound.Example.WinForms.csproj", "{E701C89C-3EEF-4119-A957-5AA47D9F70B8}"
EndProject
Project("{FAE04EC0-301F-11D3-BF4B-00C04F79EFBC}") = "Istrib.Sound.Mp3", "Z:\PROGRAMOWANIE\C# Projects\SoundCapture\Istrib.Sound.Mp3\Istrib.Sound.Mp3.csproj", "{B8121AF1-89F4-4E8D-AC38-AF314D6276AB}"
EndProject
Project("{FAE04EC0-301F-11D3-BF4B-00C04F79EFBC}") = "yeti.mmedia", "Z:\PROGRAMOWANIE\C# Projects\SoundCapture\yeti.mmedia\yeti.mmedia.csproj", "{315EE7BF-EAE2-42C0-BFC6-CCA9160F3CFE}"
EndProject
Project("{FAE04EC0-301F-11D3-BF4B-00C04F79EFBC}") = "yeti.mp3", "Z:\PROGRAMOWANIE\C# Projects\SoundCapture\yeti.mp3\yeti.mp3.csproj", "{B564FD33-FA50-46B2-B669-2D83DE3AF5E4}"
EndProject
Project("{54435603-DBB4-11D2-8724-00A0C9A8B90C}") = "Badanie Neurologiczne Set-up", "Badanie Neurologiczne Set-up\Badanie Neurologiczne Set-up.vdproj", "{527FABA0-C70D-47AD-A3E7-1BAE3D3EC9FA}"
EndProject
Project("{FAE04EC0-301F-11D3-BF4B-00C04F79EFBC}") = "SimpleRec", "Z:\PROGRAMOWANIE\C# Projects\SimpleRec\SimpleRec.csproj", "{C6C90F84-E1EC-4C4E-AEAC-7EFAA7E93C2F}"
EndProject
Global
	GlobalSection(SolutionConfigurationPlatforms) = preSolution
		CD_ROM|Any CPU = CD_ROM|Any CPU
		CD_ROM|Mixed Platforms = CD_ROM|Mixed Platforms
		CD_ROM|x86 = CD_ROM|x86
		Debug|Any CPU = Debug|Any CPU
		Debug|Mixed Platforms = Debug|Mixed Platforms
		Debug|x86 = Debug|x86
		DVD-5|Any CPU = DVD-5|Any CPU
		DVD-5|Mixed Platforms = DVD-5|Mixed Platforms
		DVD-5|x86 = DVD-5|x86
		Release|Any CPU = Release|Any CPU
		Release|Mixed Platforms = Release|Mixed Platforms
		Release|x86 = Release|x86
		SingleImage|Any CPU = SingleImage|Any CPU
		SingleImage|Mixed Platforms = SingleImage|Mixed Platforms
		SingleImage|x86 = SingleImage|x86
	EndGlobalSection
	GlobalSection(ProjectConfigurationPlatforms) = postSolution
		{B5BB1D56-4813-4DBA-B4D0-72E7907D5C6C}.CD_ROM|Any CPU.ActiveCfg = Release|x86
		{B5BB1D56-4813-4DBA-B4D0-72E7907D5C6C}.CD_ROM|Mixed Platforms.ActiveCfg = Release|x86
		{B5BB1D56-4813-4DBA-B4D0-72E7907D5C6C}.CD_ROM|Mixed Platforms.Build.0 = Release|x86
		{B5BB1D56-4813-4DBA-B4D0-72E7907D5C6C}.CD_ROM|x86.ActiveCfg = Release|x86
		{B5BB1D56-4813-4DBA-B4D0-72E7907D5C6C}.CD_ROM|x86.Build.0 = Release|x86
		{B5BB1D56-4813-4DBA-B4D0-72E7907D5C6C}.Debug|Any CPU.ActiveCfg = Debug|x86
		{B5BB1D56-4813-4DBA-B4D0-72E7907D5C6C}.Debug|Mixed Platforms.ActiveCfg = Debug|x86
		{B5BB1D56-4813-4DBA-B4D0-72E7907D5C6C}.Debug|x86.ActiveCfg = Debug|x86
		{B5BB1D56-4813-4DBA-B4D0-72E7907D5C6C}.DVD-5|Any CPU.ActiveCfg = Debug|x86
		{B5BB1D56-4813-4DBA-B4D0-72E7907D5C6C}.DVD-5|Mixed Platforms.ActiveCfg = Debug|x86
		{B5BB1D56-4813-4DBA-B4D0-72E7907D5C6C}.DVD-5|Mixed Platforms.Build.0 = Debug|x86
		{B5BB1D56-4813-4DBA-B4D0-72E7907D5C6C}.DVD-5|x86.ActiveCfg = Debug|x86
		{B5BB1D56-4813-4DBA-B4D0-72E7907D5C6C}.DVD-5|x86.Build.0 = Debug|x86
		{B5BB1D56-4813-4DBA-B4D0-72E7907D5C6C}.Release|Any CPU.ActiveCfg = Release|x86
		{B5BB1D56-4813-4DBA-B4D0-72E7907D5C6C}.Release|Mixed Platforms.ActiveCfg = Release|x86
		{B5BB1D56-4813-4DBA-B4D0-72E7907D5C6C}.Release|x86.ActiveCfg = Release|x86
		{B5BB1D56-4813-4DBA-B4D0-72E7907D5C6C}.SingleImage|Any CPU.ActiveCfg = Release|x86
		{B5BB1D56-4813-4DBA-B4D0-72E7907D5C6C}.SingleImage|Mixed Platforms.ActiveCfg = Release|x86
		{B5BB1D56-4813-4DBA-B4D0-72E7907D5C6C}.SingleImage|Mixed Platforms.Build.0 = Release|x86
		{B5BB1D56-4813-4DBA-B4D0-72E7907D5C6C}.SingleImage|x86.ActiveCfg = Release|x86
		{B5BB1D56-4813-4DBA-B4D0-72E7907D5C6C}.SingleImage|x86.Build.0 = Release|x86
		{428AE3D9-A642-464D-A5B8-1EE5F9F65B0D}.CD_ROM|Any CPU.ActiveCfg = Release|Any CPU
		{428AE3D9-A642-464D-A5B8-1EE5F9F65B0D}.CD_ROM|Any CPU.Build.0 = Release|Any CPU
		{428AE3D9-A642-464D-A5B8-1EE5F9F65B0D}.CD_ROM|Mixed Platforms.ActiveCfg = Release|Any CPU
		{428AE3D9-A642-464D-A5B8-1EE5F9F65B0D}.CD_ROM|Mixed Platforms.Build.0 = Release|Any CPU
		{428AE3D9-A642-464D-A5B8-1EE5F9F65B0D}.CD_ROM|x86.ActiveCfg = Release|Any CPU
		{428AE3D9-A642-464D-A5B8-1EE5F9F65B0D}.Debug|Any CPU.ActiveCfg = Debug|Any CPU
		{428AE3D9-A642-464D-A5B8-1EE5F9F65B0D}.Debug|Mixed Platforms.ActiveCfg = Debug|Any CPU
		{428AE3D9-A642-464D-A5B8-1EE5F9F65B0D}.Debug|x86.ActiveCfg = Debug|Any CPU
		{428AE3D9-A642-464D-A5B8-1EE5F9F65B0D}.DVD-5|Any CPU.ActiveCfg = Debug|Any CPU
		{428AE3D9-A642-464D-A5B8-1EE5F9F65B0D}.DVD-5|Any CPU.Build.0 = Debug|Any CPU
		{428AE3D9-A642-464D-A5B8-1EE5F9F65B0D}.DVD-5|Mixed Platforms.ActiveCfg = Debug|Any CPU
		{428AE3D9-A642-464D-A5B8-1EE5F9F65B0D}.DVD-5|Mixed Platforms.Build.0 = Debug|Any CPU
		{428AE3D9-A642-464D-A5B8-1EE5F9F65B0D}.DVD-5|x86.ActiveCfg = Debug|Any CPU
		{428AE3D9-A642-464D-A5B8-1EE5F9F65B0D}.Release|Any CPU.ActiveCfg = Release|Any CPU
		{428AE3D9-A642-464D-A5B8-1EE5F9F65B0D}.Release|Mixed Platforms.ActiveCfg = Release|Any CPU
		{428AE3D9-A642-464D-A5B8-1EE5F9F65B0D}.Release|x86.ActiveCfg = Release|Any CPU
		{428AE3D9-A642-464D-A5B8-1EE5F9F65B0D}.SingleImage|Any CPU.ActiveCfg = Release|Any CPU
		{428AE3D9-A642-464D-A5B8-1EE5F9F65B0D}.SingleImage|Any CPU.Build.0 = Release|Any CPU
		{428AE3D9-A642-464D-A5B8-1EE5F9F65B0D}.SingleImage|Mixed Platforms.ActiveCfg = Release|Any CPU
		{428AE3D9-A642-464D-A5B8-1EE5F9F65B0D}.SingleImage|Mixed Platforms.Build.0 = Release|Any CPU
		{428AE3D9-A642-464D-A5B8-1EE5F9F65B0D}.SingleImage|x86.ActiveCfg = Release|Any CPU
		{C7A09BB1-B85C-4993-8BFE-3974730BF9FD}.CD_ROM|Any CPU.ActiveCfg = Release|Any CPU
		{C7A09BB1-B85C-4993-8BFE-3974730BF9FD}.CD_ROM|Any CPU.Build.0 = Release|Any CPU
		{C7A09BB1-B85C-4993-8BFE-3974730BF9FD}.CD_ROM|Mixed Platforms.ActiveCfg = Release|Any CPU
		{C7A09BB1-B85C-4993-8BFE-3974730BF9FD}.CD_ROM|Mixed Platforms.Build.0 = Release|Any CPU
		{C7A09BB1-B85C-4993-8BFE-3974730BF9FD}.CD_ROM|x86.ActiveCfg = Release|Any CPU
		{C7A09BB1-B85C-4993-8BFE-3974730BF9FD}.Debug|Any CPU.ActiveCfg = Debug|Any CPU
		{C7A09BB1-B85C-4993-8BFE-3974730BF9FD}.Debug|Any CPU.Build.0 = Debug|Any CPU
		{C7A09BB1-B85C-4993-8BFE-3974730BF9FD}.Debug|Mixed Platforms.ActiveCfg = Debug|Any CPU
		{C7A09BB1-B85C-4993-8BFE-3974730BF9FD}.Debug|x86.ActiveCfg = Debug|Any CPU
		{C7A09BB1-B85C-4993-8BFE-3974730BF9FD}.DVD-5|Any CPU.ActiveCfg = Debug|Any CPU
		{C7A09BB1-B85C-4993-8BFE-3974730BF9FD}.DVD-5|Any CPU.Build.0 = Debug|Any CPU
		{C7A09BB1-B85C-4993-8BFE-3974730BF9FD}.DVD-5|Mixed Platforms.ActiveCfg = Debug|Any CPU
		{C7A09BB1-B85C-4993-8BFE-3974730BF9FD}.DVD-5|Mixed Platforms.Build.0 = Debug|Any CPU
		{C7A09BB1-B85C-4993-8BFE-3974730BF9FD}.DVD-5|x86.ActiveCfg = Debug|Any CPU
		{C7A09BB1-B85C-4993-8BFE-3974730BF9FD}.Release|Any CPU.ActiveCfg = Release|Any CPU
		{C7A09BB1-B85C-4993-8BFE-3974730BF9FD}.Release|Any CPU.Build.0 = Release|Any CPU
		{C7A09BB1-B85C-4993-8BFE-3974730BF9FD}.Release|Mixed Platforms.ActiveCfg = Release|Any CPU
		{C7A09BB1-B85C-4993-8BFE-3974730BF9FD}.Release|x86.ActiveCfg = Release|Any CPU
		{C7A09BB1-B85C-4993-8BFE-3974730BF9FD}.SingleImage|Any CPU.ActiveCfg = Release|Any CPU
		{C7A09BB1-B85C-4993-8BFE-3974730BF9FD}.SingleImage|Any CPU.Build.0 = Release|Any CPU
		{C7A09BB1-B85C-4993-8BFE-3974730BF9FD}.SingleImage|Mixed Platforms.ActiveCfg = Release|Any CPU
		{C7A09BB1-B85C-4993-8BFE-3974730BF9FD}.SingleImage|Mixed Platforms.Build.0 = Release|Any CPU
		{C7A09BB1-B85C-4993-8BFE-3974730BF9FD}.SingleImage|x86.ActiveCfg = Release|Any CPU
		{E701C89C-3EEF-4119-A957-5AA47D9F70B8}.CD_ROM|Any CPU.ActiveCfg = Release|Any CPU
		{E701C89C-3EEF-4119-A957-5AA47D9F70B8}.CD_ROM|Mixed Platforms.ActiveCfg = Release|Any CPU
		{E701C89C-3EEF-4119-A957-5AA47D9F70B8}.CD_ROM|x86.ActiveCfg = Release|Any CPU
		{E701C89C-3EEF-4119-A957-5AA47D9F70B8}.Debug|Any CPU.ActiveCfg = Debug|Any CPU
		{E701C89C-3EEF-4119-A957-5AA47D9F70B8}.Debug|Any CPU.Build.0 = Debug|Any CPU
		{E701C89C-3EEF-4119-A957-5AA47D9F70B8}.Debug|Mixed Platforms.ActiveCfg = Debug|Any CPU
		{E701C89C-3EEF-4119-A957-5AA47D9F70B8}.Debug|x86.ActiveCfg = Debug|Any CPU
		{E701C89C-3EEF-4119-A957-5AA47D9F70B8}.DVD-5|Any CPU.ActiveCfg = Debug|Any CPU
		{E701C89C-3EEF-4119-A957-5AA47D9F70B8}.DVD-5|Mixed Platforms.ActiveCfg = Debug|Any CPU
		{E701C89C-3EEF-4119-A957-5AA47D9F70B8}.DVD-5|x86.ActiveCfg = Debug|Any CPU
		{E701C89C-3EEF-4119-A957-5AA47D9F70B8}.Release|Any CPU.ActiveCfg = Release|Any CPU
		{E701C89C-3EEF-4119-A957-5AA47D9F70B8}.Release|Any CPU.Build.0 = Release|Any CPU
		{E701C89C-3EEF-4119-A957-5AA47D9F70B8}.Release|Mixed Platforms.ActiveCfg = Release|Any CPU
		{E701C89C-3EEF-4119-A957-5AA47D9F70B8}.Release|x86.ActiveCfg = Release|Any CPU
		{E701C89C-3EEF-4119-A957-5AA47D9F70B8}.SingleImage|Any CPU.ActiveCfg = Release|Any CPU
		{E701C89C-3EEF-4119-A957-5AA47D9F70B8}.SingleImage|Mixed Platforms.ActiveCfg = Release|Any CPU
		{E701C89C-3EEF-4119-A957-5AA47D9F70B8}.SingleImage|x86.ActiveCfg = Release|Any CPU
		{B8121AF1-89F4-4E8D-AC38-AF314D6276AB}.CD_ROM|Any CPU.ActiveCfg = Release|Any CPU
		{B8121AF1-89F4-4E8D-AC38-AF314D6276AB}.CD_ROM|Any CPU.Build.0 = Release|Any CPU
		{B8121AF1-89F4-4E8D-AC38-AF314D6276AB}.CD_ROM|Mixed Platforms.ActiveCfg = Release|Any CPU
		{B8121AF1-89F4-4E8D-AC38-AF314D6276AB}.CD_ROM|Mixed Platforms.Build.0 = Release|Any CPU
		{B8121AF1-89F4-4E8D-AC38-AF314D6276AB}.CD_ROM|x86.ActiveCfg = Release|Any CPU
		{B8121AF1-89F4-4E8D-AC38-AF314D6276AB}.Debug|Any CPU.ActiveCfg = Debug|Any CPU
		{B8121AF1-89F4-4E8D-AC38-AF314D6276AB}.Debug|Any CPU.Build.0 = Debug|Any CPU
		{B8121AF1-89F4-4E8D-AC38-AF314D6276AB}.Debug|Mixed Platforms.ActiveCfg = Debug|Any CPU
		{B8121AF1-89F4-4E8D-AC38-AF314D6276AB}.Debug|x86.ActiveCfg = Debug|Any CPU
		{B8121AF1-89F4-4E8D-AC38-AF314D6276AB}.DVD-5|Any CPU.ActiveCfg = Debug|Any CPU
		{B8121AF1-89F4-4E8D-AC38-AF314D6276AB}.DVD-5|Any CPU.Build.0 = Debug|Any CPU
		{B8121AF1-89F4-4E8D-AC38-AF314D6276AB}.DVD-5|Mixed Platforms.ActiveCfg = Debug|Any CPU
		{B8121AF1-89F4-4E8D-AC38-AF314D6276AB}.DVD-5|Mixed Platforms.Build.0 = Debug|Any CPU
		{B8121AF1-89F4-4E8D-AC38-AF314D6276AB}.DVD-5|x86.ActiveCfg = Debug|Any CPU
		{B8121AF1-89F4-4E8D-AC38-AF314D6276AB}.Release|Any CPU.ActiveCfg = Release|Any CPU
		{B8121AF1-89F4-4E8D-AC38-AF314D6276AB}.Release|Any CPU.Build.0 = Release|Any CPU
		{B8121AF1-89F4-4E8D-AC38-AF314D6276AB}.Release|Mixed Platforms.ActiveCfg = Release|Any CPU
		{B8121AF1-89F4-4E8D-AC38-AF314D6276AB}.Release|x86.ActiveCfg = Release|Any CPU
		{B8121AF1-89F4-4E8D-AC38-AF314D6276AB}.SingleImage|Any CPU.ActiveCfg = Release|Any CPU
		{B8121AF1-89F4-4E8D-AC38-AF314D6276AB}.SingleImage|Any CPU.Build.0 = Release|Any CPU
		{B8121AF1-89F4-4E8D-AC38-AF314D6276AB}.SingleImage|Mixed Platforms.ActiveCfg = Release|Any CPU
		{B8121AF1-89F4-4E8D-AC38-AF314D6276AB}.SingleImage|Mixed Platforms.Build.0 = Release|Any CPU
		{B8121AF1-89F4-4E8D-AC38-AF314D6276AB}.SingleImage|x86.ActiveCfg = Release|Any CPU
		{315EE7BF-EAE2-42C0-BFC6-CCA9160F3CFE}.CD_ROM|Any CPU.ActiveCfg = Release|Any CPU
		{315EE7BF-EAE2-42C0-BFC6-CCA9160F3CFE}.CD_ROM|Any CPU.Build.0 = Release|Any CPU
		{315EE7BF-EAE2-42C0-BFC6-CCA9160F3CFE}.CD_ROM|Mixed Platforms.ActiveCfg = Release|Any CPU
		{315EE7BF-EAE2-42C0-BFC6-CCA9160F3CFE}.CD_ROM|Mixed Platforms.Build.0 = Release|Any CPU
		{315EE7BF-EAE2-42C0-BFC6-CCA9160F3CFE}.CD_ROM|x86.ActiveCfg = Release|Any CPU
		{315EE7BF-EAE2-42C0-BFC6-CCA9160F3CFE}.Debug|Any CPU.ActiveCfg = Debug|Any CPU
		{315EE7BF-EAE2-42C0-BFC6-CCA9160F3CFE}.Debug|Any CPU.Build.0 = Debug|Any CPU
		{315EE7BF-EAE2-42C0-BFC6-CCA9160F3CFE}.Debug|Mixed Platforms.ActiveCfg = Debug|Any CPU
		{315EE7BF-EAE2-42C0-BFC6-CCA9160F3CFE}.Debug|x86.ActiveCfg = Debug|Any CPU
		{315EE7BF-EAE2-42C0-BFC6-CCA9160F3CFE}.DVD-5|Any CPU.ActiveCfg = Debug|Any CPU
		{315EE7BF-EAE2-42C0-BFC6-CCA9160F3CFE}.DVD-5|Any CPU.Build.0 = Debug|Any CPU
		{315EE7BF-EAE2-42C0-BFC6-CCA9160F3CFE}.DVD-5|Mixed Platforms.ActiveCfg = Debug|Any CPU
		{315EE7BF-EAE2-42C0-BFC6-CCA9160F3CFE}.DVD-5|Mixed Platforms.Build.0 = Debug|Any CPU
		{315EE7BF-EAE2-42C0-BFC6-CCA9160F3CFE}.DVD-5|x86.ActiveCfg = Debug|Any CPU
		{315EE7BF-EAE2-42C0-BFC6-CCA9160F3CFE}.Release|Any CPU.ActiveCfg = Release|Any CPU
		{315EE7BF-EAE2-42C0-BFC6-CCA9160F3CFE}.Release|Any CPU.Build.0 = Release|Any CPU
		{315EE7BF-EAE2-42C0-BFC6-CCA9160F3CFE}.Release|Mixed Platforms.ActiveCfg = Release|Any CPU
		{315EE7BF-EAE2-42C0-BFC6-CCA9160F3CFE}.Release|x86.ActiveCfg = Release|Any CPU
		{315EE7BF-EAE2-42C0-BFC6-CCA9160F3CFE}.SingleImage|Any CPU.ActiveCfg = Release|Any CPU
		{315EE7BF-EAE2-42C0-BFC6-CCA9160F3CFE}.SingleImage|Any CPU.Build.0 = Release|Any CPU
		{315EE7BF-EAE2-42C0-BFC6-CCA9160F3CFE}.SingleImage|Mixed Platforms.ActiveCfg = Release|Any CPU
		{315EE7BF-EAE2-42C0-BFC6-CCA9160F3CFE}.SingleImage|Mixed Platforms.Build.0 = Release|Any CPU
		{315EE7BF-EAE2-42C0-BFC6-CCA9160F3CFE}.SingleImage|x86.ActiveCfg = Release|Any CPU
		{B564FD33-FA50-46B2-B669-2D83DE3AF5E4}.CD_ROM|Any CPU.ActiveCfg = Release|Any CPU
		{B564FD33-FA50-46B2-B669-2D83DE3AF5E4}.CD_ROM|Any CPU.Build.0 = Release|Any CPU
		{B564FD33-FA50-46B2-B669-2D83DE3AF5E4}.CD_ROM|Mixed Platforms.ActiveCfg = Release|Any CPU
		{B564FD33-FA50-46B2-B669-2D83DE3AF5E4}.CD_ROM|Mixed Platforms.Build.0 = Release|Any CPU
		{B564FD33-FA50-46B2-B669-2D83DE3AF5E4}.CD_ROM|x86.ActiveCfg = Release|Any CPU
		{B564FD33-FA50-46B2-B669-2D83DE3AF5E4}.Debug|Any CPU.ActiveCfg = Debug|Any CPU
		{B564FD33-FA50-46B2-B669-2D83DE3AF5E4}.Debug|Any CPU.Build.0 = Debug|Any CPU
		{B564FD33-FA50-46B2-B669-2D83DE3AF5E4}.Debug|Mixed Platforms.ActiveCfg = Debug|Any CPU
		{B564FD33-FA50-46B2-B669-2D83DE3AF5E4}.Debug|x86.ActiveCfg = Debug|Any CPU
		{B564FD33-FA50-46B2-B669-2D83DE3AF5E4}.DVD-5|Any CPU.ActiveCfg = Debug|Any CPU
		{B564FD33-FA50-46B2-B669-2D83DE3AF5E4}.DVD-5|Any CPU.Build.0 = Debug|Any CPU
		{B564FD33-FA50-46B2-B669-2D83DE3AF5E4}.DVD-5|Mixed Platforms.ActiveCfg = Debug|Any CPU
		{B564FD33-FA50-46B2-B669-2D83DE3AF5E4}.DVD-5|Mixed Platforms.Build.0 = Debug|Any CPU
		{B564FD33-FA50-46B2-B669-2D83DE3AF5E4}.DVD-5|x86.ActiveCfg = Debug|Any CPU
		{B564FD33-FA50-46B2-B669-2D83DE3AF5E4}.Release|Any CPU.ActiveCfg = Release|Any CPU
		{B564FD33-FA50-46B2-B669-2D83DE3AF5E4}.Release|Any CPU.Build.0 = Release|Any CPU
		{B564FD33-FA50-46B2-B669-2D83DE3AF5E4}.Release|Mixed Platforms.ActiveCfg = Release|Any CPU
		{B564FD33-FA50-46B2-B669-2D83DE3AF5E4}.Release|x86.ActiveCfg = Release|Any CPU
		{B564FD33-FA50-46B2-B669-2D83DE3AF5E4}.SingleImage|Any CPU.ActiveCfg = Release|Any CPU
		{B564FD33-FA50-46B2-B669-2D83DE3AF5E4}.SingleImage|Any CPU.Build.0 = Release|Any CPU
		{B564FD33-FA50-46B2-B669-2D83DE3AF5E4}.SingleImage|Mixed Platforms.ActiveCfg = Release|Any CPU
		{B564FD33-FA50-46B2-B669-2D83DE3AF5E4}.SingleImage|Mixed Platforms.Build.0 = Release|Any CPU
		{B564FD33-FA50-46B2-B669-2D83DE3AF5E4}.SingleImage|x86.ActiveCfg = Release|Any CPU
		{527FABA0-C70D-47AD-A3E7-1BAE3D3EC9FA}.CD_ROM|Any CPU.ActiveCfg = Release
		{527FABA0-C70D-47AD-A3E7-1BAE3D3EC9FA}.CD_ROM|Mixed Platforms.ActiveCfg = Release
		{527FABA0-C70D-47AD-A3E7-1BAE3D3EC9FA}.CD_ROM|x86.ActiveCfg = Release
		{527FABA0-C70D-47AD-A3E7-1BAE3D3EC9FA}.Debug|Any CPU.ActiveCfg = Debug
		{527FABA0-C70D-47AD-A3E7-1BAE3D3EC9FA}.Debug|Mixed Platforms.ActiveCfg = Debug
		{527FABA0-C70D-47AD-A3E7-1BAE3D3EC9FA}.Debug|x86.ActiveCfg = Debug
		{527FABA0-C70D-47AD-A3E7-1BAE3D3EC9FA}.DVD-5|Any CPU.ActiveCfg = Debug
		{527FABA0-C70D-47AD-A3E7-1BAE3D3EC9FA}.DVD-5|Mixed Platforms.ActiveCfg = Debug
		{527FABA0-C70D-47AD-A3E7-1BAE3D3EC9FA}.DVD-5|x86.ActiveCfg = Debug
		{527FABA0-C70D-47AD-A3E7-1BAE3D3EC9FA}.Release|Any CPU.ActiveCfg = Release
		{527FABA0-C70D-47AD-A3E7-1BAE3D3EC9FA}.Release|Mixed Platforms.ActiveCfg = Release
		{527FABA0-C70D-47AD-A3E7-1BAE3D3EC9FA}.Release|x86.ActiveCfg = Release
		{527FABA0-C70D-47AD-A3E7-1BAE3D3EC9FA}.SingleImage|Any CPU.ActiveCfg = Release
		{527FABA0-C70D-47AD-A3E7-1BAE3D3EC9FA}.SingleImage|Mixed Platforms.ActiveCfg = Release
		{527FABA0-C70D-47AD-A3E7-1BAE3D3EC9FA}.SingleImage|x86.ActiveCfg = Release
		{C6C90F84-E1EC-4C4E-AEAC-7EFAA7E93C2F}.CD_ROM|Any CPU.ActiveCfg = Release|Any CPU
		{C6C90F84-E1EC-4C4E-AEAC-7EFAA7E93C2F}.CD_ROM|Any CPU.Build.0 = Release|Any CPU
		{C6C90F84-E1EC-4C4E-AEAC-7EFAA7E93C2F}.CD_ROM|Mixed Platforms.ActiveCfg = Release|Any CPU
		{C6C90F84-E1EC-4C4E-AEAC-7EFAA7E93C2F}.CD_ROM|Mixed Platforms.Build.0 = Release|Any CPU
		{C6C90F84-E1EC-4C4E-AEAC-7EFAA7E93C2F}.CD_ROM|x86.ActiveCfg = Release|Any CPU
		{C6C90F84-E1EC-4C4E-AEAC-7EFAA7E93C2F}.Debug|Any CPU.ActiveCfg = Debug|Any CPU
		{C6C90F84-E1EC-4C4E-AEAC-7EFAA7E93C2F}.Debug|Any CPU.Build.0 = Debug|Any CPU
		{C6C90F84-E1EC-4C4E-AEAC-7EFAA7E93C2F}.Debug|Mixed Platforms.ActiveCfg = Debug|Any CPU
		{C6C90F84-E1EC-4C4E-AEAC-7EFAA7E93C2F}.Debug|Mixed Platforms.Build.0 = Debug|Any CPU
		{C6C90F84-E1EC-4C4E-AEAC-7EFAA7E93C2F}.Debug|x86.ActiveCfg = Debug|Any CPU
		{C6C90F84-E1EC-4C4E-AEAC-7EFAA7E93C2F}.DVD-5|Any CPU.ActiveCfg = Debug|Any CPU
		{C6C90F84-E1EC-4C4E-AEAC-7EFAA7E93C2F}.DVD-5|Any CPU.Build.0 = Debug|Any CPU
		{C6C90F84-E1EC-4C4E-AEAC-7EFAA7E93C2F}.DVD-5|Mixed Platforms.ActiveCfg = Debug|Any CPU
		{C6C90F84-E1EC-4C4E-AEAC-7EFAA7E93C2F}.DVD-5|Mixed Platforms.Build.0 = Debug|Any CPU
		{C6C90F84-E1EC-4C4E-AEAC-7EFAA7E93C2F}.DVD-5|x86.ActiveCfg = Debug|Any CPU
		{C6C90F84-E1EC-4C4E-AEAC-7EFAA7E93C2F}.Release|Any CPU.ActiveCfg = Release|Any CPU
		{C6C90F84-E1EC-4C4E-AEAC-7EFAA7E93C2F}.Release|Any CPU.Build.0 = Release|Any CPU
		{C6C90F84-E1EC-4C4E-AEAC-7EFAA7E93C2F}.Release|Mixed Platforms.ActiveCfg = Release|Any CPU
		{C6C90F84-E1EC-4C4E-AEAC-7EFAA7E93C2F}.Release|Mixed Platforms.Build.0 = Release|Any CPU
		{C6C90F84-E1EC-4C4E-AEAC-7EFAA7E93C2F}.Release|x86.ActiveCfg = Release|Any CPU
		{C6C90F84-E1EC-4C4E-AEAC-7EFAA7E93C2F}.SingleImage|Any CPU.ActiveCfg = Release|Any CPU
		{C6C90F84-E1EC-4C4E-AEAC-7EFAA7E93C2F}.SingleImage|Any CPU.Build.0 = Release|Any CPU
		{C6C90F84-E1EC-4C4E-AEAC-7EFAA7E93C2F}.SingleImage|Mixed Platforms.ActiveCfg = Release|Any CPU
		{C6C90F84-E1EC-4C4E-AEAC-7EFAA7E93C2F}.SingleImage|Mixed Platforms.Build.0 = Release|Any CPU
		{C6C90F84-E1EC-4C4E-AEAC-7EFAA7E93C2F}.SingleImage|x86.ActiveCfg = Release|Any CPU
	EndGlobalSection
	GlobalSection(SolutionProperties) = preSolution
		HideSolutionNode = FALSE
	EndGlobalSection
EndGlobal
